
Microsoft Visual Studio Solution File, Format Version 12.00
# Visual Studio Version 16
VisualStudioVersion = 16.0.30225.117
MinimumVisualStudioVersion = 10.0.40219.1
Project("{FAE04EC0-301F-11D3-BF4B-00C04F79EFBC}") = "MixerPages", "MezcladorPaginas\MixerPages.csproj", "{7D44EDAE-51D4-4338-88EC-9F4B7DAA77E3}"
EndProject
Project("{54435603-DBB4-11D2-8724-00A0C9A8B90C}") = "MixerPagesInstaller", "MixerPagesInstaller\MixerPagesInstaller.vdproj", "{D853393D-142C-4AAC-A4A0-5D58B7363364}"
EndProject
Global
	GlobalSection(SolutionConfigurationPlatforms) = preSolution
		Debug|Any CPU = Debug|Any CPU
		Release|Any CPU = Release|Any CPU
	EndGlobalSection
	GlobalSection(ProjectConfigurationPlatforms) = postSolution
		{7D44EDAE-51D4-4338-88EC-9F4B7DAA77E3}.Debug|Any CPU.ActiveCfg = Release|Any CPU
		{7D44EDAE-51D4-4338-88EC-9F4B7DAA77E3}.Debug|Any CPU.Build.0 = Release|Any CPU
		{7D44EDAE-51D4-4338-88EC-9F4B7DAA77E3}.Release|Any CPU.ActiveCfg = Release|Any CPU
		{7D44EDAE-51D4-4338-88EC-9F4B7DAA77E3}.Release|Any CPU.Build.0 = Release|Any CPU
		{D853393D-142C-4AAC-A4A0-5D58B7363364}.Debug|Any CPU.ActiveCfg = Release
		{D853393D-142C-4AAC-A4A0-5D58B7363364}.Release|Any CPU.ActiveCfg = Release
	EndGlobalSection
	GlobalSection(SolutionProperties) = preSolution
		HideSolutionNode = FALSE
	EndGlobalSection
	GlobalSection(ExtensibilityGlobals) = postSolution
		SolutionGuid = {517F284C-2EF0-4109-83BB-B557C13342A8}
	EndGlobalSection
EndGlobal
